
Microsoft Visual Studio Solution File, Format Version 12.00
# Visual Studio Version 17
VisualStudioVersion = 17.5.33530.505
MinimumVisualStudioVersion = 10.0.40219.1
Project("{FAE04EC0-301F-11D3-BF4B-00C04F79EFBC}") = "Leaf-Similiar Trees", "Leaf-Similiar Trees.csproj", "{34D2FC9B-464D-40F8-B063-6D47A7B8FD7D}"
EndProject
Global
	GlobalSection(SolutionConfigurationPlatforms) = preSolution
		Debug|Any CPU = Debug|Any CPU
		Release|Any CPU = Release|Any CPU
	EndGlobalSection
	GlobalSection(ProjectConfigurationPlatforms) = postSolution
		{34D2FC9B-464D-40F8-B063-6D47A7B8FD7D}.Debug|Any CPU.ActiveCfg = Debug|Any CPU
		{34D2FC9B-464D-40F8-B063-6D47A7B8FD7D}.Debug|Any CPU.Build.0 = Debug|Any CPU
		{34D2FC9B-464D-40F8-B063-6D47A7B8FD7D}.Release|Any CPU.ActiveCfg = Release|Any CPU
		{34D2FC9B-464D-40F8-B063-6D47A7B8FD7D}.Release|Any CPU.Build.0 = Release|Any CPU
	EndGlobalSection
	GlobalSection(SolutionProperties) = preSolution
		HideSolutionNode = FALSE
	EndGlobalSection
	GlobalSection(ExtensibilityGlobals) = postSolution
		SolutionGuid = {C2CED3C3-25E0-4FEA-AE46-9AAD846C12E2}
	EndGlobalSection
EndGlobal
