
Microsoft Visual Studio Solution File, Format Version 12.00
# Visual Studio Version 17
VisualStudioVersion = 17.5.33530.505
MinimumVisualStudioVersion = 10.0.40219.1
Project("{FAE04EC0-301F-11D3-BF4B-00C04F79EFBC}") = "Search 2D Matrix", "Search 2D Matrix.csproj", "{341C2CF5-2BED-4822-87EC-A143DAA7ADE7}"
EndProject
Global
	GlobalSection(SolutionConfigurationPlatforms) = preSolution
		Debug|Any CPU = Debug|Any CPU
		Release|Any CPU = Release|Any CPU
	EndGlobalSection
	GlobalSection(ProjectConfigurationPlatforms) = postSolution
		{341C2CF5-2BED-4822-87EC-A143DAA7ADE7}.Debug|Any CPU.ActiveCfg = Debug|Any CPU
		{341C2CF5-2BED-4822-87EC-A143DAA7ADE7}.Debug|Any CPU.Build.0 = Debug|Any CPU
		{341C2CF5-2BED-4822-87EC-A143DAA7ADE7}.Release|Any CPU.ActiveCfg = Release|Any CPU
		{341C2CF5-2BED-4822-87EC-A143DAA7ADE7}.Release|Any CPU.Build.0 = Release|Any CPU
	EndGlobalSection
	GlobalSection(SolutionProperties) = preSolution
		HideSolutionNode = FALSE
	EndGlobalSection
	GlobalSection(ExtensibilityGlobals) = postSolution
		SolutionGuid = {BC7E27F5-BEE4-4C8E-80A4-20972B33EB61}
	EndGlobalSection
EndGlobal
