
Microsoft Visual Studio Solution File, Format Version 12.00
# Visual Studio Version 17
VisualStudioVersion = 17.5.33530.505
MinimumVisualStudioVersion = 10.0.40219.1
Project("{FAE04EC0-301F-11D3-BF4B-00C04F79EFBC}") = "Longest Substring Without Repeating Characters", "Longest Substring Without Repeating Characters.csproj", "{C3DCFF68-DC62-44C0-9A0C-B77F92F7877B}"
EndProject
Global
	GlobalSection(SolutionConfigurationPlatforms) = preSolution
		Debug|Any CPU = Debug|Any CPU
		Release|Any CPU = Release|Any CPU
	EndGlobalSection
	GlobalSection(ProjectConfigurationPlatforms) = postSolution
		{C3DCFF68-DC62-44C0-9A0C-B77F92F7877B}.Debug|Any CPU.ActiveCfg = Debug|Any CPU
		{C3DCFF68-DC62-44C0-9A0C-B77F92F7877B}.Debug|Any CPU.Build.0 = Debug|Any CPU
		{C3DCFF68-DC62-44C0-9A0C-B77F92F7877B}.Release|Any CPU.ActiveCfg = Release|Any CPU
		{C3DCFF68-DC62-44C0-9A0C-B77F92F7877B}.Release|Any CPU.Build.0 = Release|Any CPU
	EndGlobalSection
	GlobalSection(SolutionProperties) = preSolution
		HideSolutionNode = FALSE
	EndGlobalSection
	GlobalSection(ExtensibilityGlobals) = postSolution
		SolutionGuid = {6F744EFD-3E69-4136-8C80-20B7D860F57F}
	EndGlobalSection
EndGlobal
