
Microsoft Visual Studio Solution File, Format Version 12.00
# Visual Studio Version 17
VisualStudioVersion = 17.5.33530.505
MinimumVisualStudioVersion = 10.0.40219.1
Project("{FAE04EC0-301F-11D3-BF4B-00C04F79EFBC}") = "remove-duplicates-from-sorted-list", "remove-duplicates-from-sorted-list\remove-duplicates-from-sorted-list.csproj", "{D63C3682-BDED-400B-90D3-6B2FC293F23F}"
EndProject
Global
	GlobalSection(SolutionConfigurationPlatforms) = preSolution
		Debug|Any CPU = Debug|Any CPU
		Release|Any CPU = Release|Any CPU
	EndGlobalSection
	GlobalSection(ProjectConfigurationPlatforms) = postSolution
		{D63C3682-BDED-400B-90D3-6B2FC293F23F}.Debug|Any CPU.ActiveCfg = Debug|Any CPU
		{D63C3682-BDED-400B-90D3-6B2FC293F23F}.Debug|Any CPU.Build.0 = Debug|Any CPU
		{D63C3682-BDED-400B-90D3-6B2FC293F23F}.Release|Any CPU.ActiveCfg = Release|Any CPU
		{D63C3682-BDED-400B-90D3-6B2FC293F23F}.Release|Any CPU.Build.0 = Release|Any CPU
	EndGlobalSection
	GlobalSection(SolutionProperties) = preSolution
		HideSolutionNode = FALSE
	EndGlobalSection
	GlobalSection(ExtensibilityGlobals) = postSolution
		SolutionGuid = {8C82C58E-AAD1-4A64-BF88-6EFE2A9A1DEE}
	EndGlobalSection
EndGlobal
