
Microsoft Visual Studio Solution File, Format Version 12.00
# Visual Studio Version 17
VisualStudioVersion = 17.5.33530.505
MinimumVisualStudioVersion = 10.0.40219.1
Project("{FAE04EC0-301F-11D3-BF4B-00C04F79EFBC}") = "Add Binary", "Add Binary.csproj", "{5B141AB7-DADE-472F-AB96-F093D559F7BB}"
EndProject
Global
	GlobalSection(SolutionConfigurationPlatforms) = preSolution
		Debug|Any CPU = Debug|Any CPU
		Release|Any CPU = Release|Any CPU
	EndGlobalSection
	GlobalSection(ProjectConfigurationPlatforms) = postSolution
		{5B141AB7-DADE-472F-AB96-F093D559F7BB}.Debug|Any CPU.ActiveCfg = Debug|Any CPU
		{5B141AB7-DADE-472F-AB96-F093D559F7BB}.Debug|Any CPU.Build.0 = Debug|Any CPU
		{5B141AB7-DADE-472F-AB96-F093D559F7BB}.Release|Any CPU.ActiveCfg = Release|Any CPU
		{5B141AB7-DADE-472F-AB96-F093D559F7BB}.Release|Any CPU.Build.0 = Release|Any CPU
	EndGlobalSection
	GlobalSection(SolutionProperties) = preSolution
		HideSolutionNode = FALSE
	EndGlobalSection
	GlobalSection(ExtensibilityGlobals) = postSolution
		SolutionGuid = {FBDA196D-347D-405F-8DB3-435C1D1DD92A}
	EndGlobalSection
EndGlobal
