
Microsoft Visual Studio Solution File, Format Version 12.00
# Visual Studio Version 17
VisualStudioVersion = 17.5.33530.505
MinimumVisualStudioVersion = 10.0.40219.1
Project("{FAE04EC0-301F-11D3-BF4B-00C04F79EFBC}") = "IsPalindrome", "IsPalindrome.csproj", "{42EEB5CD-C363-4140-854A-8ED50B449EC8}"
EndProject
Global
	GlobalSection(SolutionConfigurationPlatforms) = preSolution
		Debug|Any CPU = Debug|Any CPU
		Release|Any CPU = Release|Any CPU
	EndGlobalSection
	GlobalSection(ProjectConfigurationPlatforms) = postSolution
		{42EEB5CD-C363-4140-854A-8ED50B449EC8}.Debug|Any CPU.ActiveCfg = Debug|Any CPU
		{42EEB5CD-C363-4140-854A-8ED50B449EC8}.Debug|Any CPU.Build.0 = Debug|Any CPU
		{42EEB5CD-C363-4140-854A-8ED50B449EC8}.Release|Any CPU.ActiveCfg = Release|Any CPU
		{42EEB5CD-C363-4140-854A-8ED50B449EC8}.Release|Any CPU.Build.0 = Release|Any CPU
	EndGlobalSection
	GlobalSection(SolutionProperties) = preSolution
		HideSolutionNode = FALSE
	EndGlobalSection
	GlobalSection(ExtensibilityGlobals) = postSolution
		SolutionGuid = {546CBFBC-7C49-4F45-940A-D954AA887763}
	EndGlobalSection
EndGlobal
